// !$*UTF8*$!
{
	archiveVersion = 1;
	classes = {
	};
	objectVersion = 50;
	objects = {

/* Begin PBXBuildFile section */
		8C724F9123BF329B00C48050 /* TodayListView.swift in Sources */ = {isa = PBXBuildFile; fileRef = 8C724F9023BF329B00C48050 /* TodayListView.swift */; };
		8C724F9423BF363F00C48050 /* CommonViews.swift in Sources */ = {isa = PBXBuildFile; fileRef = 8C724F9323BF363F00C48050 /* CommonViews.swift */; };
		8C724F9723BF436E00C48050 /* TodoModel.swift in Sources */ = {isa = PBXBuildFile; fileRef = 8C724F9623BF436E00C48050 /* TodoModel.swift */; };
		8C724F9923BF6E8900C48050 /* TitleView.swift in Sources */ = {isa = PBXBuildFile; fileRef = 8C724F9823BF6E8900C48050 /* TitleView.swift */; };
		8C724F9B23BF6F3300C48050 /* TodosListView.swift in Sources */ = {isa = PBXBuildFile; fileRef = 8C724F9A23BF6F3300C48050 /* TodosListView.swift */; };
		8C724F9D23BF708500C48050 /* TodoListViewRow.swift in Sources */ = {isa = PBXBuildFile; fileRef = 8C724F9C23BF708500C48050 /* TodoListViewRow.swift */; };
		8C724FA023BF860900C48050 /* Utils.swift in Sources */ = {isa = PBXBuildFile; fileRef = 8C724F9F23BF860900C48050 /* Utils.swift */; };
		8C724FA323BF874500C48050 /* UpcomingListView.swift in Sources */ = {isa = PBXBuildFile; fileRef = 8C724FA223BF874500C48050 /* UpcomingListView.swift */; };
		8C724FA823BFA1E000C48050 /* NotificationsView.swift in Sources */ = {isa = PBXBuildFile; fileRef = 8C724FA723BFA1E000C48050 /* NotificationsView.swift */; };
		8C724FAA23BFA23A00C48050 /* CandyNotificationModel.swift in Sources */ = {isa = PBXBuildFile; fileRef = 8C724FA923BFA23A00C48050 /* CandyNotificationModel.swift */; };
		8C724FB123BFABBD00C48050 /* ProfileView.swift in Sources */ = {isa = PBXBuildFile; fileRef = 8C724FB023BFABBD00C48050 /* ProfileView.swift */; };
		8C724FB523BFEA5000C48050 /* NewTodoView.swift in Sources */ = {isa = PBXBuildFile; fileRef = 8C724FB423BFEA5000C48050 /* NewTodoView.swift */; };
		8C990A8823C1F445001E4C87 /* EditProfileView.swift in Sources */ = {isa = PBXBuildFile; fileRef = 8C990A8723C1F445001E4C87 /* EditProfileView.swift */; };
		8C990A8A23C1F7D3001E4C87 /* CustomTextFieldStyle.swift in Sources */ = {isa = PBXBuildFile; fileRef = 8C990A8923C1F7D3001E4C87 /* CustomTextFieldStyle.swift */; };
		8C990A8C23C1FB35001E4C87 /* ProfileTitleView.swift in Sources */ = {isa = PBXBuildFile; fileRef = 8C990A8B23C1FB35001E4C87 /* ProfileTitleView.swift */; };
		8C990A8E23C20B9F001E4C87 /* SelectPhotoView.swift in Sources */ = {isa = PBXBuildFile; fileRef = 8C990A8D23C20B9F001E4C87 /* SelectPhotoView.swift */; };
		8C990A9023C22E3D001E4C87 /* EditProfileViewModel.swift in Sources */ = {isa = PBXBuildFile; fileRef = 8C990A8F23C22E3D001E4C87 /* EditProfileViewModel.swift */; };
		8C990A9B23C310F6001E4C87 /* User+CoreDataClass.swift in Sources */ = {isa = PBXBuildFile; fileRef = 8C990A9923C310F6001E4C87 /* User+CoreDataClass.swift */; };
		8C990A9C23C310F6001E4C87 /* User+CoreDataProperties.swift in Sources */ = {isa = PBXBuildFile; fileRef = 8C990A9A23C310F6001E4C87 /* User+CoreDataProperties.swift */; };
		8CBBCF2E23BF2A1700D56452 /* AppDelegate.swift in Sources */ = {isa = PBXBuildFile; fileRef = 8CBBCF2D23BF2A1700D56452 /* AppDelegate.swift */; };
		8CBBCF3023BF2A1700D56452 /* SceneDelegate.swift in Sources */ = {isa = PBXBuildFile; fileRef = 8CBBCF2F23BF2A1700D56452 /* SceneDelegate.swift */; };
		8CBBCF3323BF2A1700D56452 /* SwiftUICandyTodo.xcdatamodeld in Sources */ = {isa = PBXBuildFile; fileRef = 8CBBCF3123BF2A1700D56452 /* SwiftUICandyTodo.xcdatamodeld */; };
		8CBBCF3523BF2A1700D56452 /* ContentView.swift in Sources */ = {isa = PBXBuildFile; fileRef = 8CBBCF3423BF2A1700D56452 /* ContentView.swift */; };
		8CBBCF3723BF2A1800D56452 /* Assets.xcassets in Resources */ = {isa = PBXBuildFile; fileRef = 8CBBCF3623BF2A1800D56452 /* Assets.xcassets */; };
		8CBBCF3A23BF2A1800D56452 /* Preview Assets.xcassets in Resources */ = {isa = PBXBuildFile; fileRef = 8CBBCF3923BF2A1800D56452 /* Preview Assets.xcassets */; };
		8CBBCF3D23BF2A1800D56452 /* LaunchScreen.storyboard in Resources */ = {isa = PBXBuildFile; fileRef = 8CBBCF3B23BF2A1800D56452 /* LaunchScreen.storyboard */; };
		8CCAA43D23C35C1400AAEEE8 /* NewTodoViewModel.swift in Sources */ = {isa = PBXBuildFile; fileRef = 8CCAA43C23C35C1400AAEEE8 /* NewTodoViewModel.swift */; };
		8CCAA43F23C35C5700AAEEE8 /* Priority.swift in Sources */ = {isa = PBXBuildFile; fileRef = 8CCAA43E23C35C5700AAEEE8 /* Priority.swift */; };
		8CCAA45023C4821800AAEEE8 /* Todo+CoreDataClass.swift in Sources */ = {isa = PBXBuildFile; fileRef = 8CCAA44E23C4821800AAEEE8 /* Todo+CoreDataClass.swift */; };
		8CCAA45123C4821800AAEEE8 /* Todo+CoreDataProperties.swift in Sources */ = {isa = PBXBuildFile; fileRef = 8CCAA44F23C4821800AAEEE8 /* Todo+CoreDataProperties.swift */; };
		8CCAA45323C482A100AAEEE8 /* LocalNotificationManager.swift in Sources */ = {isa = PBXBuildFile; fileRef = 8CCAA45223C482A100AAEEE8 /* LocalNotificationManager.swift */; };
/* End PBXBuildFile section */

/* Begin PBXFileReference section */
		8C724F9023BF329B00C48050 /* TodayListView.swift */ = {isa = PBXFileReference; lastKnownFileType = sourcecode.swift; path = TodayListView.swift; sourceTree = "<group>"; };
		8C724F9323BF363F00C48050 /* CommonViews.swift */ = {isa = PBXFileReference; lastKnownFileType = sourcecode.swift; path = CommonViews.swift; sourceTree = "<group>"; };
		8C724F9623BF436E00C48050 /* TodoModel.swift */ = {isa = PBXFileReference; lastKnownFileType = sourcecode.swift; path = TodoModel.swift; sourceTree = "<group>"; };
		8C724F9823BF6E8900C48050 /* TitleView.swift */ = {isa = PBXFileReference; lastKnownFileType = sourcecode.swift; path = TitleView.swift; sourceTree = "<group>"; };
		8C724F9A23BF6F3300C48050 /* TodosListView.swift */ = {isa = PBXFileReference; lastKnownFileType = sourcecode.swift; path = TodosListView.swift; sourceTree = "<group>"; };
		8C724F9C23BF708500C48050 /* TodoListViewRow.swift */ = {isa = PBXFileReference; lastKnownFileType = sourcecode.swift; path = TodoListViewRow.swift; sourceTree = "<group>"; };
		8C724F9F23BF860900C48050 /* Utils.swift */ = {isa = PBXFileReference; lastKnownFileType = sourcecode.swift; path = Utils.swift; sourceTree = "<group>"; };
		8C724FA223BF874500C48050 /* UpcomingListView.swift */ = {isa = PBXFileReference; lastKnownFileType = sourcecode.swift; path = UpcomingListView.swift; sourceTree = "<group>"; };
		8C724FA723BFA1E000C48050 /* NotificationsView.swift */ = {isa = PBXFileReference; lastKnownFileType = sourcecode.swift; path = NotificationsView.swift; sourceTree = "<group>"; };
		8C724FA923BFA23A00C48050 /* CandyNotificationModel.swift */ = {isa = PBXFileReference; lastKnownFileType = sourcecode.swift; path = CandyNotificationModel.swift; sourceTree = "<group>"; };
		8C724FB023BFABBD00C48050 /* ProfileView.swift */ = {isa = PBXFileReference; lastKnownFileType = sourcecode.swift; path = ProfileView.swift; sourceTree = "<group>"; };
		8C724FB423BFEA5000C48050 /* NewTodoView.swift */ = {isa = PBXFileReference; lastKnownFileType = sourcecode.swift; path = NewTodoView.swift; sourceTree = "<group>"; };
		8C990A8723C1F445001E4C87 /* EditProfileView.swift */ = {isa = PBXFileReference; lastKnownFileType = sourcecode.swift; path = EditProfileView.swift; sourceTree = "<group>"; };
		8C990A8923C1F7D3001E4C87 /* CustomTextFieldStyle.swift */ = {isa = PBXFileReference; lastKnownFileType = sourcecode.swift; path = CustomTextFieldStyle.swift; sourceTree = "<group>"; };
		8C990A8B23C1FB35001E4C87 /* ProfileTitleView.swift */ = {isa = PBXFileReference; fileEncoding = 4; lastKnownFileType = sourcecode.swift; path = ProfileTitleView.swift; sourceTree = "<group>"; };
		8C990A8D23C20B9F001E4C87 /* SelectPhotoView.swift */ = {isa = PBXFileReference; lastKnownFileType = sourcecode.swift; path = SelectPhotoView.swift; sourceTree = "<group>"; };
		8C990A8F23C22E3D001E4C87 /* EditProfileViewModel.swift */ = {isa = PBXFileReference; lastKnownFileType = sourcecode.swift; path = EditProfileViewModel.swift; sourceTree = "<group>"; };
		8C990A9923C310F6001E4C87 /* User+CoreDataClass.swift */ = {isa = PBXFileReference; lastKnownFileType = sourcecode.swift; path = "User+CoreDataClass.swift"; sourceTree = "<group>"; };
		8C990A9A23C310F6001E4C87 /* User+CoreDataProperties.swift */ = {isa = PBXFileReference; lastKnownFileType = sourcecode.swift; path = "User+CoreDataProperties.swift"; sourceTree = "<group>"; };
		8CBBCF2A23BF2A1700D56452 /* SwiftUICandyTodo.app */ = {isa = PBXFileReference; explicitFileType = wrapper.application; includeInIndex = 0; path = SwiftUICandyTodo.app; sourceTree = BUILT_PRODUCTS_DIR; };
		8CBBCF2D23BF2A1700D56452 /* AppDelegate.swift */ = {isa = PBXFileReference; lastKnownFileType = sourcecode.swift; path = AppDelegate.swift; sourceTree = "<group>"; };
		8CBBCF2F23BF2A1700D56452 /* SceneDelegate.swift */ = {isa = PBXFileReference; lastKnownFileType = sourcecode.swift; path = SceneDelegate.swift; sourceTree = "<group>"; };
		8CBBCF3223BF2A1700D56452 /* SwiftUICandyTodo.xcdatamodel */ = {isa = PBXFileReference; lastKnownFileType = wrapper.xcdatamodel; path = SwiftUICandyTodo.xcdatamodel; sourceTree = "<group>"; };
		8CBBCF3423BF2A1700D56452 /* ContentView.swift */ = {isa = PBXFileReference; lastKnownFileType = sourcecode.swift; path = ContentView.swift; sourceTree = "<group>"; };
		8CBBCF3623BF2A1800D56452 /* Assets.xcassets */ = {isa = PBXFileReference; lastKnownFileType = folder.assetcatalog; path = Assets.xcassets; sourceTree = "<group>"; };
		8CBBCF3923BF2A1800D56452 /* Preview Assets.xcassets */ = {isa = PBXFileReference; lastKnownFileType = folder.assetcatalog; path = "Preview Assets.xcassets"; sourceTree = "<group>"; };
		8CBBCF3C23BF2A1800D56452 /* Base */ = {isa = PBXFileReference; lastKnownFileType = file.storyboard; name = Base; path = Base.lproj/LaunchScreen.storyboard; sourceTree = "<group>"; };
		8CBBCF3E23BF2A1800D56452 /* Info.plist */ = {isa = PBXFileReference; lastKnownFileType = text.plist.xml; path = Info.plist; sourceTree = "<group>"; };
		8CCAA43C23C35C1400AAEEE8 /* NewTodoViewModel.swift */ = {isa = PBXFileReference; lastKnownFileType = sourcecode.swift; path = NewTodoViewModel.swift; sourceTree = "<group>"; };
		8CCAA43E23C35C5700AAEEE8 /* Priority.swift */ = {isa = PBXFileReference; lastKnownFileType = sourcecode.swift; path = Priority.swift; sourceTree = "<group>"; };
		8CCAA44E23C4821800AAEEE8 /* Todo+CoreDataClass.swift */ = {isa = PBXFileReference; lastKnownFileType = sourcecode.swift; path = "Todo+CoreDataClass.swift"; sourceTree = "<group>"; };
		8CCAA44F23C4821800AAEEE8 /* Todo+CoreDataProperties.swift */ = {isa = PBXFileReference; lastKnownFileType = sourcecode.swift; path = "Todo+CoreDataProperties.swift"; sourceTree = "<group>"; };
		8CCAA45223C482A100AAEEE8 /* LocalNotificationManager.swift */ = {isa = PBXFileReference; lastKnownFileType = sourcecode.swift; path = LocalNotificationManager.swift; sourceTree = "<group>"; };
/* End PBXFileReference section */

/* Begin PBXFrameworksBuildPhase section */
		8CBBCF2723BF2A1700D56452 /* Frameworks */ = {
			isa = PBXFrameworksBuildPhase;
			buildActionMask = 2147483647;
			files = (
			);
			runOnlyForDeploymentPostprocessing = 0;
		};
/* End PBXFrameworksBuildPhase section */

/* Begin PBXGroup section */
		8C724F8F23BF327800C48050 /* TodaysList */ = {
			isa = PBXGroup;
			children = (
				8C724F9023BF329B00C48050 /* TodayListView.swift */,
			);
			path = TodaysList;
			sourceTree = "<group>";
		};
		8C724F9223BF35FD00C48050 /* CommonViews */ = {
			isa = PBXGroup;
			children = (
				8C724F9323BF363F00C48050 /* CommonViews.swift */,
				8C724F9823BF6E8900C48050 /* TitleView.swift */,
				8C724F9A23BF6F3300C48050 /* TodosListView.swift */,
				8C724F9C23BF708500C48050 /* TodoListViewRow.swift */,
				8C990A8923C1F7D3001E4C87 /* CustomTextFieldStyle.swift */,
			);
			path = CommonViews;
			sourceTree = "<group>";
		};
		8C724F9523BF435D00C48050 /* Model */ = {
			isa = PBXGroup;
			children = (
				8CCAA45423C5B21F00AAEEE8 /* CoreData Classes */,
				8C724F9623BF436E00C48050 /* TodoModel.swift */,
				8C724FA923BFA23A00C48050 /* CandyNotificationModel.swift */,
				8CCAA43E23C35C5700AAEEE8 /* Priority.swift */,
				8CCAA45223C482A100AAEEE8 /* LocalNotificationManager.swift */,
			);
			path = Model;
			sourceTree = "<group>";
		};
		8C724F9E23BF85FA00C48050 /* Utils */ = {
			isa = PBXGroup;
			children = (
				8C724F9F23BF860900C48050 /* Utils.swift */,
			);
			path = Utils;
			sourceTree = "<group>";
		};
		8C724FA123BF872A00C48050 /* UpcomingList */ = {
			isa = PBXGroup;
			children = (
				8C724FA223BF874500C48050 /* UpcomingListView.swift */,
			);
			path = UpcomingList;
			sourceTree = "<group>";
		};
		8C724FA623BFA1C500C48050 /* Notifications */ = {
			isa = PBXGroup;
			children = (
				8C724FA723BFA1E000C48050 /* NotificationsView.swift */,
			);
			path = Notifications;
			sourceTree = "<group>";
		};
		8C724FAF23BFABA700C48050 /* ProfileView */ = {
			isa = PBXGroup;
			children = (
				8C990A8B23C1FB35001E4C87 /* ProfileTitleView.swift */,
				8C724FB023BFABBD00C48050 /* ProfileView.swift */,
				8C990A8F23C22E3D001E4C87 /* EditProfileViewModel.swift */,
				8C990A8723C1F445001E4C87 /* EditProfileView.swift */,
				8C990A8D23C20B9F001E4C87 /* SelectPhotoView.swift */,
			);
			path = ProfileView;
			sourceTree = "<group>";
		};
		8C724FB223BFB53300C48050 /* Supporting Files */ = {
			isa = PBXGroup;
			children = (
				8CBBCF3623BF2A1800D56452 /* Assets.xcassets */,
				8CBBCF3B23BF2A1800D56452 /* LaunchScreen.storyboard */,
				8CBBCF2D23BF2A1700D56452 /* AppDelegate.swift */,
				8CBBCF2F23BF2A1700D56452 /* SceneDelegate.swift */,
			);
			path = "Supporting Files";
			sourceTree = "<group>";
		};
		8C724FB323BFEA3800C48050 /* NewTodo */ = {
			isa = PBXGroup;
			children = (
				8C724FB423BFEA5000C48050 /* NewTodoView.swift */,
				8CCAA43C23C35C1400AAEEE8 /* NewTodoViewModel.swift */,
			);
			path = NewTodo;
			sourceTree = "<group>";
		};
		8CBBCF2123BF2A1700D56452 = {
			isa = PBXGroup;
			children = (
				8CBBCF2C23BF2A1700D56452 /* SwiftUICandyTodo */,
				8CBBCF2B23BF2A1700D56452 /* Products */,
			);
			sourceTree = "<group>";
		};
		8CBBCF2B23BF2A1700D56452 /* Products */ = {
			isa = PBXGroup;
			children = (
				8CBBCF2A23BF2A1700D56452 /* SwiftUICandyTodo.app */,
			);
			name = Products;
			sourceTree = "<group>";
		};
		8CBBCF2C23BF2A1700D56452 /* SwiftUICandyTodo */ = {
			isa = PBXGroup;
			children = (
				8C724F9E23BF85FA00C48050 /* Utils */,
				8C724F9523BF435D00C48050 /* Model */,
				8C724F9223BF35FD00C48050 /* CommonViews */,
				8C724F8F23BF327800C48050 /* TodaysList */,
				8C724FA123BF872A00C48050 /* UpcomingList */,
				8C724FA623BFA1C500C48050 /* Notifications */,
				8C724FAF23BFABA700C48050 /* ProfileView */,
				8C724FB323BFEA3800C48050 /* NewTodo */,
				8CBBCF3423BF2A1700D56452 /* ContentView.swift */,
				8C724FB223BFB53300C48050 /* Supporting Files */,
				8CBBCF3E23BF2A1800D56452 /* Info.plist */,
				8CBBCF3123BF2A1700D56452 /* SwiftUICandyTodo.xcdatamodeld */,
				8CBBCF3823BF2A1800D56452 /* Preview Content */,
			);
			path = SwiftUICandyTodo;
			sourceTree = "<group>";
		};
		8CBBCF3823BF2A1800D56452 /* Preview Content */ = {
			isa = PBXGroup;
			children = (
				8CBBCF3923BF2A1800D56452 /* Preview Assets.xcassets */,
			);
			path = "Preview Content";
			sourceTree = "<group>";
		};
		8CCAA45423C5B21F00AAEEE8 /* CoreData Classes */ = {
			isa = PBXGroup;
			children = (
				8CCAA44E23C4821800AAEEE8 /* Todo+CoreDataClass.swift */,
				8CCAA44F23C4821800AAEEE8 /* Todo+CoreDataProperties.swift */,
				8C990A9923C310F6001E4C87 /* User+CoreDataClass.swift */,
				8C990A9A23C310F6001E4C87 /* User+CoreDataProperties.swift */,
			);
			path = "CoreData Classes";
			sourceTree = "<group>";
		};
/* End PBXGroup section */

/* Begin PBXNativeTarget section */
		8CBBCF2923BF2A1700D56452 /* SwiftUICandyTodo */ = {
			isa = PBXNativeTarget;
			buildConfigurationList = 8CBBCF4123BF2A1800D56452 /* Build configuration list for PBXNativeTarget "SwiftUICandyTodo" */;
			buildPhases = (
				8CBBCF2623BF2A1700D56452 /* Sources */,
				8CBBCF2723BF2A1700D56452 /* Frameworks */,
				8CBBCF2823BF2A1700D56452 /* Resources */,
			);
			buildRules = (
			);
			dependencies = (
			);
			name = SwiftUICandyTodo;
			productName = SwiftUICandyTodo;
			productReference = 8CBBCF2A23BF2A1700D56452 /* SwiftUICandyTodo.app */;
			productType = "com.apple.product-type.application";
		};
/* End PBXNativeTarget section */

/* Begin PBXProject section */
		8CBBCF2223BF2A1700D56452 /* Project object */ = {
			isa = PBXProject;
			attributes = {
				LastSwiftUpdateCheck = 1130;
				LastUpgradeCheck = 1130;
				ORGANIZATIONNAME = "Gabor Sornyei";
				TargetAttributes = {
					8CBBCF2923BF2A1700D56452 = {
						CreatedOnToolsVersion = 11.3;
					};
				};
			};
			buildConfigurationList = 8CBBCF2523BF2A1700D56452 /* Build configuration list for PBXProject "SwiftUICandyTodo" */;
			compatibilityVersion = "Xcode 9.3";
			developmentRegion = en;
			hasScannedForEncodings = 0;
			knownRegions = (
				en,
				Base,
			);
			mainGroup = 8CBBCF2123BF2A1700D56452;
			productRefGroup = 8CBBCF2B23BF2A1700D56452 /* Products */;
			projectDirPath = "";
			projectRoot = "";
			targets = (
				8CBBCF2923BF2A1700D56452 /* SwiftUICandyTodo */,
			);
		};
/* End PBXProject section */

/* Begin PBXResourcesBuildPhase section */
		8CBBCF2823BF2A1700D56452 /* Resources */ = {
			isa = PBXResourcesBuildPhase;
			buildActionMask = 2147483647;
			files = (
				8CBBCF3D23BF2A1800D56452 /* LaunchScreen.storyboard in Resources */,
				8CBBCF3A23BF2A1800D56452 /* Preview Assets.xcassets in Resources */,
				8CBBCF3723BF2A1800D56452 /* Assets.xcassets in Resources */,
			);
			runOnlyForDeploymentPostprocessing = 0;
		};
/* End PBXResourcesBuildPhase section */

/* Begin PBXSourcesBuildPhase section */
		8CBBCF2623BF2A1700D56452 /* Sources */ = {
			isa = PBXSourcesBuildPhase;
			buildActionMask = 2147483647;
			files = (
				8C990A8C23C1FB35001E4C87 /* ProfileTitleView.swift in Sources */,
				8CBBCF2E23BF2A1700D56452 /* AppDelegate.swift in Sources */,
				8C990A9C23C310F6001E4C87 /* User+CoreDataProperties.swift in Sources */,
				8C724F9423BF363F00C48050 /* CommonViews.swift in Sources */,
				8CBBCF3023BF2A1700D56452 /* SceneDelegate.swift in Sources */,
				8CCAA45323C482A100AAEEE8 /* LocalNotificationManager.swift in Sources */,
				8CCAA43D23C35C1400AAEEE8 /* NewTodoViewModel.swift in Sources */,
				8C724FB523BFEA5000C48050 /* NewTodoView.swift in Sources */,
				8C724F9D23BF708500C48050 /* TodoListViewRow.swift in Sources */,
				8C990A9B23C310F6001E4C87 /* User+CoreDataClass.swift in Sources */,
				8C990A8823C1F445001E4C87 /* EditProfileView.swift in Sources */,
				8C724F9123BF329B00C48050 /* TodayListView.swift in Sources */,
				8CBBCF3523BF2A1700D56452 /* ContentView.swift in Sources */,
				8C990A8E23C20B9F001E4C87 /* SelectPhotoView.swift in Sources */,
				8C724FA323BF874500C48050 /* UpcomingListView.swift in Sources */,
				8CCAA45023C4821800AAEEE8 /* Todo+CoreDataClass.swift in Sources */,
				8C990A9023C22E3D001E4C87 /* EditProfileViewModel.swift in Sources */,
				8C724F9B23BF6F3300C48050 /* TodosListView.swift in Sources */,
				8CCAA45123C4821800AAEEE8 /* Todo+CoreDataProperties.swift in Sources */,
				8C724FA023BF860900C48050 /* Utils.swift in Sources */,
				8C724FB123BFABBD00C48050 /* ProfileView.swift in Sources */,
				8C724F9723BF436E00C48050 /* TodoModel.swift in Sources */,
				8C990A8A23C1F7D3001E4C87 /* CustomTextFieldStyle.swift in Sources */,
				8CBBCF3323BF2A1700D56452 /* SwiftUICandyTodo.xcdatamodeld in Sources */,
				8C724FAA23BFA23A00C48050 /* CandyNotificationModel.swift in Sources */,
				8CCAA43F23C35C5700AAEEE8 /* Priority.swift in Sources */,
				8C724F9923BF6E8900C48050 /* TitleView.swift in Sources */,
				8C724FA823BFA1E000C48050 /* NotificationsView.swift in Sources */,
			);
			runOnlyForDeploymentPostprocessing = 0;
		};
/* End PBXSourcesBuildPhase section */

/* Begin PBXVariantGroup section */
		8CBBCF3B23BF2A1800D56452 /* LaunchScreen.storyboard */ = {
			isa = PBXVariantGroup;
			children = (
				8CBBCF3C23BF2A1800D56452 /* Base */,
			);
			name = LaunchScreen.storyboard;
			sourceTree = "<group>";
		};
/* End PBXVariantGroup section */

/* Begin XCBuildConfiguration section */
		8CBBCF3F23BF2A1800D56452 /* Debug */ = {
			isa = XCBuildConfiguration;
			buildSettings = {
				ALWAYS_SEARCH_USER_PATHS = NO;
				CLANG_ANALYZER_NONNULL = YES;
				CLANG_ANALYZER_NUMBER_OBJECT_CONVERSION = YES_AGGRESSIVE;
				CLANG_CXX_LANGUAGE_STANDARD = "gnu++14";
				CLANG_CXX_LIBRARY = "libc++";
				CLANG_ENABLE_MODULES = YES;
				CLANG_ENABLE_OBJC_ARC = YES;
				CLANG_ENABLE_OBJC_WEAK = YES;
				CLANG_WARN_BLOCK_CAPTURE_AUTORELEASING = YES;
				CLANG_WARN_BOOL_CONVERSION = YES;
				CLANG_WARN_COMMA = YES;
				CLANG_WARN_CONSTANT_CONVERSION = YES;
				CLANG_WARN_DEPRECATED_OBJC_IMPLEMENTATIONS = YES;
				CLANG_WARN_DIRECT_OBJC_ISA_USAGE = YES_ERROR;
				CLANG_WARN_DOCUMENTATION_COMMENTS = YES;
				CLANG_WARN_EMPTY_BODY = YES;
				CLANG_WARN_ENUM_CONVERSION = YES;
				CLANG_WARN_INFINITE_RECURSION = YES;
				CLANG_WARN_INT_CONVERSION = YES;
				CLANG_WARN_NON_LITERAL_NULL_CONVERSION = YES;
				CLANG_WARN_OBJC_IMPLICIT_RETAIN_SELF = YES;
				CLANG_WARN_OBJC_LITERAL_CONVERSION = YES;
				CLANG_WARN_OBJC_ROOT_CLASS = YES_ERROR;
				CLANG_WARN_RANGE_LOOP_ANALYSIS = YES;
				CLANG_WARN_STRICT_PROTOTYPES = YES;
				CLANG_WARN_SUSPICIOUS_MOVE = YES;
				CLANG_WARN_UNGUARDED_AVAILABILITY = YES_AGGRESSIVE;
				CLANG_WARN_UNREACHABLE_CODE = YES;
				CLANG_WARN__DUPLICATE_METHOD_MATCH = YES;
				COPY_PHASE_STRIP = NO;
				DEBUG_INFORMATION_FORMAT = dwarf;
				ENABLE_STRICT_OBJC_MSGSEND = YES;
				ENABLE_TESTABILITY = YES;
				GCC_C_LANGUAGE_STANDARD = gnu11;
				GCC_DYNAMIC_NO_PIC = NO;
				GCC_NO_COMMON_BLOCKS = YES;
				GCC_OPTIMIZATION_LEVEL = 0;
				GCC_PREPROCESSOR_DEFINITIONS = (
					"DEBUG=1",
					"$(inherited)",
				);
				GCC_WARN_64_TO_32_BIT_CONVERSION = YES;
				GCC_WARN_ABOUT_RETURN_TYPE = YES_ERROR;
				GCC_WARN_UNDECLARED_SELECTOR = YES;
				GCC_WARN_UNINITIALIZED_AUTOS = YES_AGGRESSIVE;
				GCC_WARN_UNUSED_FUNCTION = YES;
				GCC_WARN_UNUSED_VARIABLE = YES;
				IPHONEOS_DEPLOYMENT_TARGET = 13.2;
				MTL_ENABLE_DEBUG_INFO = INCLUDE_SOURCE;
				MTL_FAST_MATH = YES;
				ONLY_ACTIVE_ARCH = YES;
				SDKROOT = iphoneos;
				SWIFT_ACTIVE_COMPILATION_CONDITIONS = DEBUG;
				SWIFT_OPTIMIZATION_LEVEL = "-Onone";
			};
			name = Debug;
		};
		8CBBCF4023BF2A1800D56452 /* Release */ = {
			isa = XCBuildConfiguration;
			buildSettings = {
				ALWAYS_SEARCH_USER_PATHS = NO;
				CLANG_ANALYZER_NONNULL = YES;
				CLANG_ANALYZER_NUMBER_OBJECT_CONVERSION = YES_AGGRESSIVE;
				CLANG_CXX_LANGUAGE_STANDARD = "gnu++14";
				CLANG_CXX_LIBRARY = "libc++";
				CLANG_ENABLE_MODULES = YES;
				CLANG_ENABLE_OBJC_ARC = YES;
				CLANG_ENABLE_OBJC_WEAK = YES;
				CLANG_WARN_BLOCK_CAPTURE_AUTORELEASING = YES;
				CLANG_WARN_BOOL_CONVERSION = YES;
				CLANG_WARN_COMMA = YES;
				CLANG_WARN_CONSTANT_CONVERSION = YES;
				CLANG_WARN_DEPRECATED_OBJC_IMPLEMENTATIONS = YES;
				CLANG_WARN_DIRECT_OBJC_ISA_USAGE = YES_ERROR;
				CLANG_WARN_DOCUMENTATION_COMMENTS = YES;
				CLANG_WARN_EMPTY_BODY = YES;
				CLANG_WARN_ENUM_CONVERSION = YES;
				CLANG_WARN_INFINITE_RECURSION = YES;
				CLANG_WARN_INT_CONVERSION = YES;
				CLANG_WARN_NON_LITERAL_NULL_CONVERSION = YES;
				CLANG_WARN_OBJC_IMPLICIT_RETAIN_SELF = YES;
				CLANG_WARN_OBJC_LITERAL_CONVERSION = YES;
				CLANG_WARN_OBJC_ROOT_CLASS = YES_ERROR;
				CLANG_WARN_RANGE_LOOP_ANALYSIS = YES;
				CLANG_WARN_STRICT_PROTOTYPES = YES;
				CLANG_WARN_SUSPICIOUS_MOVE = YES;
				CLANG_WARN_UNGUARDED_AVAILABILITY = YES_AGGRESSIVE;
				CLANG_WARN_UNREACHABLE_CODE = YES;
				CLANG_WARN__DUPLICATE_METHOD_MATCH = YES;
				COPY_PHASE_STRIP = NO;
				DEBUG_INFORMATION_FORMAT = "dwarf-with-dsym";
				ENABLE_NS_ASSERTIONS = NO;
				ENABLE_STRICT_OBJC_MSGSEND = YES;
				GCC_C_LANGUAGE_STANDARD = gnu11;
				GCC_NO_COMMON_BLOCKS = YES;
				GCC_WARN_64_TO_32_BIT_CONVERSION = YES;
				GCC_WARN_ABOUT_RETURN_TYPE = YES_ERROR;
				GCC_WARN_UNDECLARED_SELECTOR = YES;
				GCC_WARN_UNINITIALIZED_AUTOS = YES_AGGRESSIVE;
				GCC_WARN_UNUSED_FUNCTION = YES;
				GCC_WARN_UNUSED_VARIABLE = YES;
				IPHONEOS_DEPLOYMENT_TARGET = 13.2;
				MTL_ENABLE_DEBUG_INFO = NO;
				MTL_FAST_MATH = YES;
				SDKROOT = iphoneos;
				SWIFT_COMPILATION_MODE = wholemodule;
				SWIFT_OPTIMIZATION_LEVEL = "-O";
				VALIDATE_PRODUCT = YES;
			};
			name = Release;
		};
		8CBBCF4223BF2A1800D56452 /* Debug */ = {
			isa = XCBuildConfiguration;
			buildSettings = {
				ASSETCATALOG_COMPILER_APPICON_NAME = AppIcon;
				CODE_SIGN_STYLE = Automatic;
				DEVELOPMENT_ASSET_PATHS = "\"SwiftUICandyTodo/Preview Content\"";
				DEVELOPMENT_TEAM = 8YE8M3UNR3;
				ENABLE_PREVIEWS = YES;
				INFOPLIST_FILE = SwiftUICandyTodo/Info.plist;
				LD_RUNPATH_SEARCH_PATHS = (
					"$(inherited)",
					"@executable_path/Frameworks",
				);
				MARKETING_VERSION = 2.0;
				PRODUCT_BUNDLE_IDENTIFIER = com.sornyei.CandyTodo123;
				PRODUCT_NAME = "$(TARGET_NAME)";
				SWIFT_VERSION = 5.0;
				TARGETED_DEVICE_FAMILY = 1;
			};
			name = Debug;
		};
		8CBBCF4323BF2A1800D56452 /* Release */ = {
			isa = XCBuildConfiguration;
			buildSettings = {
				ASSETCATALOG_COMPILER_APPICON_NAME = AppIcon;
				CODE_SIGN_STYLE = Automatic;
				DEVELOPMENT_ASSET_PATHS = "\"SwiftUICandyTodo/Preview Content\"";
				DEVELOPMENT_TEAM = 8YE8M3UNR3;
				ENABLE_PREVIEWS = YES;
				INFOPLIST_FILE = SwiftUICandyTodo/Info.plist;
				LD_RUNPATH_SEARCH_PATHS = (
					"$(inherited)",
					"@executable_path/Frameworks",
				);
				MARKETING_VERSION = 2.0;
				PRODUCT_BUNDLE_IDENTIFIER = com.sornyei.CandyTodo123;
				PRODUCT_NAME = "$(TARGET_NAME)";
				SWIFT_VERSION = 5.0;
				TARGETED_DEVICE_FAMILY = 1;
			};
			name = Release;
		};
/* End XCBuildConfiguration section */

/* Begin XCConfigurationList section */
		8CBBCF2523BF2A1700D56452 /* Build configuration list for PBXProject "SwiftUICandyTodo" */ = {
			isa = XCConfigurationList;
			buildConfigurations = (
				8CBBCF3F23BF2A1800D56452 /* Debug */,
				8CBBCF4023BF2A1800D56452 /* Release */,
			);
			defaultConfigurationIsVisible = 0;
			defaultConfigurationName = Release;
		};
		8CBBCF4123BF2A1800D56452 /* Build configuration list for PBXNativeTarget "SwiftUICandyTodo" */ = {
			isa = XCConfigurationList;
			buildConfigurations = (
				8CBBCF4223BF2A1800D56452 /* Debug */,
				8CBBCF4323BF2A1800D56452 /* Release */,
			);
			defaultConfigurationIsVisible = 0;
			defaultConfigurationName = Release;
		};
/* End XCConfigurationList section */

/* Begin XCVersionGroup section */
		8CBBCF3123BF2A1700D56452 /* SwiftUICandyTodo.xcdatamodeld */ = {
			isa = XCVersionGroup;
			children = (
				8CBBCF3223BF2A1700D56452 /* SwiftUICandyTodo.xcdatamodel */,
			);
			currentVersion = 8CBBCF3223BF2A1700D56452 /* SwiftUICandyTodo.xcdatamodel */;
			path = SwiftUICandyTodo.xcdatamodeld;
			sourceTree = "<group>";
			versionGroupType = wrapper.xcdatamodel;
		};
/* End XCVersionGroup section */
	};
	rootObject = 8CBBCF2223BF2A1700D56452 /* Project object */;
}
